PODS:
  - DACircularProgress (2.3.1)
  - FBSnapshotTestCase (2.1.4):
    - FBSnapshotTestCase/SwiftSupport (= 2.1.4)
  - FBSnapshotTestCase/Core (2.1.4)
  - FBSnapshotTestCase/SwiftSupport (2.1.4):
    - FBSnapshotTestCase/Core
  - FeedCollectionViewController (1.0.6)
  - ImageFeedCollectionViewController (1.0.6):
    - FeedCollectionViewController
    - OOPhotoBrowser (= 2.0.9)
  - OOPhotoBrowser (2.0.9):
    - DACircularProgress
    - pop
    - SDWebImage
  - pop (1.0.10)
  - SDWebImage (4.2.2):
    - SDWebImage/Core (= 4.2.2)
  - SDWebImage/Core (4.2.2)

DEPENDENCIES:
  - FBSnapshotTestCase
  - FeedCollectionViewController (from `../`)
  - ImageFeedCollectionViewController (from `../`)

EXTERNAL SOURCES:
  FeedCollectionViewController:
    :path: "../"
  ImageFeedCollectionViewController:
    :path: "../"

SPEC CHECKSUMS:
  DACircularProgress: 4dd437c0fc3da5161cb289e07ac449493d41db71
  FBSnapshotTestCase: '094f9f314decbabe373b87cc339bea235a63e07a'
  FeedCollectionViewController: 37ee67d4e39997e50a6d05bfcad1abff8f8f76b9
  ImageFeedCollectionViewController: 22c60fe297071d0a1a667dd2c90387c6155d05b3
  OOPhotoBrowser: d5a1ff63860bee6cd8743f963d1c9a4381b2246f
  pop: 82ca6b068ce9278fd350fd9dd09482a0ce9492e6
  SDWebImage: 89a9d32cd520bbb46eb14e541d5109b3564af198

PODFILE CHECKSUM: b4635fccb3d10a2b704ebc0e5ef92f84f83d660c

COCOAPODS: 1.2.1
