PODS:
  - DACircularProgress (2.3.1)
  - FBSnapshotTestCase (2.1.4):
    - FBSnapshotTestCase/SwiftSupport (= 2.1.4)
  - FBSnapshotTestCase/Core (2.1.4)
  - FBSnapshotTestCase/SwiftSupport (2.1.4):
    - FBSnapshotTestCase/Core
  - FeedCollectionViewController (3.0.2)
  - ImageFeedCollectionViewController (3.0.2):
    - FeedCollectionViewController (= 3.0.2)
    - OOPhotoBrowser (= 2.0.11)
  - OOPhotoBrowser (2.0.11):
    - DACircularProgress
    - pop
    - SDWebImage (= 4.2.3)
  - pop (1.0.12)
  - SDWebImage (4.2.3):
    - SDWebImage/Core (= 4.2.3)
  - SDWebImage/Core (4.2.3)

DEPENDENCIES:
  - FBSnapshotTestCase
  - FeedCollectionViewController (from `../`)
  - ImageFeedCollectionViewController (from `../`)

SPEC REPOS:
  https://github.com/cocoapods/specs.git:
    - DACircularProgress
    - FBSnapshotTestCase
    - OOPhotoBrowser
    - pop
    - SDWebImage

EXTERNAL SOURCES:
  FeedCollectionViewController:
    :path: "../"
  ImageFeedCollectionViewController:
    :path: "../"

SPEC CHECKSUMS:
  DACircularProgress: 4dd437c0fc3da5161cb289e07ac449493d41db71
  FBSnapshotTestCase: 094f9f314decbabe373b87cc339bea235a63e07a
  FeedCollectionViewController: ea87fba974de4695f6f5c10d83c3f31a07a97acb
  ImageFeedCollectionViewController: 8ad0d215a433745816301917f12e6927f252f10c
  OOPhotoBrowser: 0057c878130f6c0495e565cf23a3b5f8891582f4
  pop: d582054913807fd11fd50bfe6a539d91c7e1a55a
  SDWebImage: 791bb72962b3492327ddcac4b1880bd1b5458431

PODFILE CHECKSUM: b4635fccb3d10a2b704ebc0e5ef92f84f83d660c

COCOAPODS: 1.6.1
